
Microsoft Visual Studio Solution File, Format Version 12.00
# Visual Studio 14
VisualStudioVersion = 14.0.25420.1
MinimumVisualStudioVersion = 10.0.40219.1
Project("{FAE04EC0-301F-11D3-BF4B-00C04F79EFBC}") = "Client_pds", "Client_pds.csproj", "{57CA35FC-2402-4594-98D2-A2F35F7BE81E}"
EndProject
Global
	GlobalSection(SolutionConfigurationPlatforms) = preSolution
		Debug|x86 = Debug|x86
		Release|x86 = Release|x86
	EndGlobalSection
	GlobalSection(ProjectConfigurationPlatforms) = postSolution
		{57CA35FC-2402-4594-98D2-A2F35F7BE81E}.Debug|x86.ActiveCfg = Debug|x86
		{57CA35FC-2402-4594-98D2-A2F35F7BE81E}.Debug|x86.Build.0 = Debug|x86
		{57CA35FC-2402-4594-98D2-A2F35F7BE81E}.Release|x86.ActiveCfg = Release|x86
		{57CA35FC-2402-4594-98D2-A2F35F7BE81E}.Release|x86.Build.0 = Release|x86
	EndGlobalSection
	GlobalSection(SolutionProperties) = preSolution
		HideSolutionNode = FALSE
	EndGlobalSection
EndGlobal
